#MicroXplorer Configuration settings - do not modify
ADC1.Channel-0\#ChannelRegularConversion=ADC_CHANNEL_4
ADC1.IPParameters=Rank-0\#ChannelRegularConversion,Channel-0\#ChannelRegularConversion,SamplingTime-0\#ChannelRegularConversion,OffsetNumber-0\#ChannelRegularConversion,OffsetSignedSaturation-0\#ChannelRegularConversion,NbrOfConversionFlag,master
ADC1.NbrOfConversionFlag=1
ADC1.OffsetNumber-0\#ChannelRegularConversion=ADC_OFFSET_NONE
ADC1.OffsetSignedSaturation-0\#ChannelRegularConversion=DISABLE
ADC1.Rank-0\#ChannelRegularConversion=1
ADC1.SamplingTime-0\#ChannelRegularConversion=ADC_SAMPLETIME_1CYCLE_5
ADC1.master=1
ADC2.Channel-1\#ChannelRegularConversion=ADC_CHANNEL_0
ADC2.IPParameters=Rank-1\#ChannelRegularConversion,Channel-1\#ChannelRegularConversion,SamplingTime-1\#ChannelRegularConversion,OffsetNumber-1\#ChannelRegularConversion,OffsetSignedSaturation-1\#ChannelRegularConversion,NbrOfConversionFlag
ADC2.NbrOfConversionFlag=1
ADC2.OffsetNumber-1\#ChannelRegularConversion=ADC_OFFSET_NONE
ADC2.OffsetSignedSaturation-1\#ChannelRegularConversion=DISABLE
ADC2.Rank-1\#ChannelRegularConversion=1
ADC2.SamplingTime-1\#ChannelRegularConversion=ADC_SAMPLETIME_1CYCLE_5
CAD.formats=
CAD.pinconfig=
CAD.provider=
Dma.Request0=USART1_RX
Dma.RequestsNb=1
Dma.USART1_RX.0.Direction=DMA_PERIPH_TO_MEMORY
Dma.USART1_RX.0.EventEnable=DISABLE
Dma.USART1_RX.0.FIFOMode=DMA_FIFOMODE_DISABLE
Dma.USART1_RX.0.Instance=DMA1_Stream0
Dma.USART1_RX.0.MemDataAlignment=DMA_MDATAALIGN_BYTE
Dma.USART1_RX.0.MemInc=DMA_MINC_ENABLE
Dma.USART1_RX.0.Mode=DMA_NORMAL
Dma.USART1_RX.0.PeriphDataAlignment=DMA_PDATAALIGN_BYTE
Dma.USART1_RX.0.PeriphInc=DMA_PINC_DISABLE
Dma.USART1_RX.0.Polarity=HAL_DMAMUX_REQ_GEN_RISING
Dma.USART1_RX.0.Priority=DMA_PRIORITY_VERY_HIGH
Dma.USART1_RX.0.RequestNumber=1
Dma.USART1_RX.0.RequestParameters=Instance,Direction,PeriphInc,MemInc,PeriphDataAlignment,MemDataAlignment,Mode,Priority,FIFOMode,SignalID,Polarity,RequestNumber,SyncSignalID,SyncPolarity,SyncEnable,EventEnable,SyncRequestNumber
Dma.USART1_RX.0.SignalID=NONE
Dma.USART1_RX.0.SyncEnable=DISABLE
Dma.USART1_RX.0.SyncPolarity=HAL_DMAMUX_SYNC_NO_EVENT
Dma.USART1_RX.0.SyncRequestNumber=1
Dma.USART1_RX.0.SyncSignalID=NONE
FDCAN1.CalculateBaudRateNominal=3500000
FDCAN1.CalculateTimeBitNominal=285
FDCAN1.CalculateTimeQuantumNominal=57.142857142857146
FDCAN1.IPParameters=CalculateTimeQuantumNominal,CalculateTimeBitNominal,CalculateBaudRateNominal
FDCAN2.CalculateBaudRateNominal=3500000
FDCAN2.CalculateTimeBitNominal=285
FDCAN2.CalculateTimeQuantumNominal=57.142857142857146
FDCAN2.IPParameters=CalculateTimeQuantumNominal,CalculateTimeBitNominal,CalculateBaudRateNominal
File.Version=6
GPIO.groupedBy=Group By Peripherals
KeepUserPlacement=false
Mcu.CPN=STM32H7B0VBT6
Mcu.Family=STM32H7
Mcu.IP0=ADC1
Mcu.IP1=ADC2
Mcu.IP10=OCTOSPI1
Mcu.IP11=RCC
Mcu.IP12=RNG
Mcu.IP13=RTC
Mcu.IP14=SDMMC1
Mcu.IP15=SPI3
Mcu.IP16=SPI4
Mcu.IP17=SYS
Mcu.IP18=TIM2
Mcu.IP19=TIM3
Mcu.IP2=CORTEX_M7
Mcu.IP20=TIM4
Mcu.IP21=TIM8
Mcu.IP22=TIM13
Mcu.IP23=TIM15
Mcu.IP24=TIM17
Mcu.IP25=UART4
Mcu.IP26=UART8
Mcu.IP27=USART1
Mcu.IP28=USART2
Mcu.IP29=USART3
Mcu.IP3=DEBUG
Mcu.IP30=USART10
Mcu.IP31=USB_OTG_HS
Mcu.IP4=DMA
Mcu.IP5=FDCAN1
Mcu.IP6=FDCAN2
Mcu.IP7=IWDG1
Mcu.IP8=LPTIM1
Mcu.IP9=NVIC
Mcu.IPNb=32
Mcu.Name=STM32H7B0VBTx
Mcu.Package=LQFP100
Mcu.Pin0=PE2
Mcu.Pin1=PE3
Mcu.Pin10=PC0
Mcu.Pin11=PC2_C
Mcu.Pin12=PC3_C
Mcu.Pin13=PA0
Mcu.Pin14=PA1
Mcu.Pin15=PA2
Mcu.Pin16=PA3
Mcu.Pin17=PA4
Mcu.Pin18=PA5
Mcu.Pin19=PA6
Mcu.Pin2=PE4
Mcu.Pin20=PA7
Mcu.Pin21=PC4
Mcu.Pin22=PC5
Mcu.Pin23=PB0
Mcu.Pin24=PB1
Mcu.Pin25=PB2
Mcu.Pin26=PE7
Mcu.Pin27=PE8
Mcu.Pin28=PE9
Mcu.Pin29=PE10
Mcu.Pin3=PE5
Mcu.Pin30=PE11
Mcu.Pin31=PE12
Mcu.Pin32=PE13
Mcu.Pin33=PE14
Mcu.Pin34=PE15
Mcu.Pin35=PB10
Mcu.Pin36=PB11
Mcu.Pin37=PB12
Mcu.Pin38=PB13
Mcu.Pin39=PB14
Mcu.Pin4=PE6
Mcu.Pin40=PB15
Mcu.Pin41=PD8
Mcu.Pin42=PD9
Mcu.Pin43=PD10
Mcu.Pin44=PD11
Mcu.Pin45=PD12
Mcu.Pin46=PD13
Mcu.Pin47=PD14
Mcu.Pin48=PD15
Mcu.Pin49=PC6
Mcu.Pin5=PC13
Mcu.Pin50=PC7
Mcu.Pin51=PC8
Mcu.Pin52=PC9
Mcu.Pin53=PA8
Mcu.Pin54=PA9
Mcu.Pin55=PA10
Mcu.Pin56=PA11
Mcu.Pin57=PA12
Mcu.Pin58=PA13
Mcu.Pin59=PA14
Mcu.Pin6=PC14-OSC32_IN
Mcu.Pin60=PA15
Mcu.Pin61=PC10
Mcu.Pin62=PC11
Mcu.Pin63=PC12
Mcu.Pin64=PD0
Mcu.Pin65=PD1
Mcu.Pin66=PD2
Mcu.Pin67=PD5
Mcu.Pin68=PD6
Mcu.Pin69=PB3
Mcu.Pin7=PC15-OSC32_OUT
Mcu.Pin70=PB4
Mcu.Pin71=PB5
Mcu.Pin72=PB6
Mcu.Pin73=PB7
Mcu.Pin74=PB8
Mcu.Pin75=PB9
Mcu.Pin76=PE0
Mcu.Pin77=PE1
Mcu.Pin78=VP_IWDG1_VS_IWDG
Mcu.Pin79=VP_LPTIM1_VS_LPTIM_counterModeInternalClock
Mcu.Pin8=PH0-OSC_IN
Mcu.Pin80=VP_OCTOSPI1_VS_quad
Mcu.Pin81=VP_RNG_VS_RNG
Mcu.Pin82=VP_RTC_VS_RTC_Activate
Mcu.Pin83=VP_SYS_VS_Systick
Mcu.Pin84=VP_TIM2_VS_ClockSourceINT
Mcu.Pin85=VP_TIM13_VS_ClockSourceINT
Mcu.Pin86=VP_TIM17_VS_ClockSourceINT
Mcu.Pin9=PH1-OSC_OUT
Mcu.PinsNb=87
Mcu.ThirdPartyNb=0
Mcu.UserConstants=TIM_PERIOD_VALUE,50000
Mcu.UserName=STM32H7B0VBTx
MxCube.Version=6.10.0
MxDb.Version=DB.6.0.100
NVIC.BusFault_IRQn=true\:0\:0\:false\:false\:true\:false\:false\:false
NVIC.DMA1_Stream0_IRQn=true\:0\:0\:false\:false\:true\:false\:true\:true
NVIC.DebugMonitor_IRQn=true\:0\:0\:false\:false\:true\:false\:false\:false
NVIC.ForceEnableDMAVector=true
NVIC.HASH_RNG_IRQn=true\:0\:0\:false\:false\:true\:true\:true\:true
NVIC.HardFault_IRQn=true\:0\:0\:false\:false\:true\:false\:false\:false
NVIC.MemoryManagement_IRQn=true\:0\:0\:false\:false\:true\:false\:false\:false
NVIC.NonMaskableInt_IRQn=true\:0\:0\:false\:false\:true\:false\:false\:false
NVIC.PendSV_IRQn=true\:0\:0\:false\:false\:true\:false\:false\:false
NVIC.PriorityGroup=NVIC_PRIORITYGROUP_4
NVIC.SDMMC1_IRQn=true\:0\:0\:false\:false\:true\:true\:true\:true
NVIC.SVCall_IRQn=true\:0\:0\:false\:false\:true\:false\:false\:false
NVIC.SysTick_IRQn=true\:0\:0\:false\:false\:true\:false\:true\:false
NVIC.TIM2_IRQn=true\:0\:0\:false\:false\:true\:true\:true\:true
NVIC.USART1_IRQn=true\:0\:0\:false\:false\:true\:true\:true\:true
NVIC.USART2_IRQn=true\:0\:0\:false\:false\:true\:true\:true\:true
NVIC.UsageFault_IRQn=true\:0\:0\:false\:false\:true\:false\:false\:false
PA0.GPIOParameters=GPIO_Speed
PA0.GPIO_Speed=GPIO_SPEED_FREQ_VERY_HIGH
PA0.Locked=true
PA0.Mode=Asynchronous
PA0.Signal=UART4_TX
PA1.GPIOParameters=GPIO_Speed
PA1.GPIO_Speed=GPIO_SPEED_FREQ_VERY_HIGH
PA1.Locked=true
PA1.Mode=Asynchronous
PA1.Signal=UART4_RX
PA10.GPIOParameters=GPIO_Label
PA10.GPIO_Label=GNSS_PPS
PA10.Locked=true
PA10.Signal=GPXTI10
PA11.GPIOParameters=GPIO_Speed
PA11.GPIO_Speed=GPIO_SPEED_FREQ_VERY_HIGH
PA11.Locked=true
PA11.Mode=Device_Only_FS
PA11.Signal=USB_OTG_HS_DM
PA12.GPIOParameters=GPIO_Speed
PA12.GPIO_Speed=GPIO_SPEED_FREQ_VERY_HIGH
PA12.Locked=true
PA12.Mode=Device_Only_FS
PA12.Signal=USB_OTG_HS_DP
PA13.Mode=Serial_Wire
PA13.Signal=DEBUG_JTMS-SWDIO
PA14.Mode=Serial_Wire
PA14.Signal=DEBUG_JTCK-SWCLK
PA15.GPIOParameters=GPIO_Speed,GPIO_Label
PA15.GPIO_Label=LORA_RST_RX
PA15.GPIO_Speed=GPIO_SPEED_FREQ_VERY_HIGH
PA15.Locked=true
PA15.Signal=GPIO_Output
PA2.GPIOParameters=GPIO_Speed
PA2.GPIO_Speed=GPIO_SPEED_FREQ_VERY_HIGH
PA2.Locked=true
PA2.Mode=Asynchronous
PA2.Signal=USART2_TX
PA3.GPIOParameters=GPIO_Speed
PA3.GPIO_Speed=GPIO_SPEED_FREQ_VERY_HIGH
PA3.Locked=true
PA3.Mode=Asynchronous
PA3.Signal=USART2_RX
PA4.GPIOParameters=GPIO_Speed,GPIO_Label
PA4.GPIO_Label=MCU_BUZZER
PA4.GPIO_Speed=GPIO_SPEED_FREQ_VERY_HIGH
PA4.Locked=true
PA4.Signal=GPIO_Output
PA5.Locked=true
PA5.Signal=ADCx_INP19
PA6.GPIOParameters=GPIO_Speed,GPIO_Label
PA6.GPIO_Label=MCU_DO4
PA6.GPIO_Speed=GPIO_SPEED_FREQ_VERY_HIGH
PA6.Locked=true
PA6.Signal=S_TIM13_CH1
PA7.Mode=OCTOSPI1_IOL_Port1L
PA7.Signal=OCTOSPIM_P1_IO2
PA8.GPIOParameters=GPIO_Speed,GPIO_Label
PA8.GPIO_Label=LORA_CS_RX
PA8.GPIO_Speed=GPIO_SPEED_FREQ_VERY_HIGH
PA8.Locked=true
PA8.Signal=GPIO_Output
PA9.GPIOParameters=GPIO_Speed,GPIO_Label
PA9.GPIO_Label=UART_CTRL
PA9.GPIO_Speed=GPIO_SPEED_FREQ_VERY_HIGH
PA9.Locked=true
PA9.Signal=GPIO_Output
PB0.Signal=ADCx_INP9
PB1.GPIOParameters=GPIO_Speed,GPIO_Label
PB1.GPIO_Label=MCU_DO3
PB1.GPIO_Speed=GPIO_SPEED_FREQ_VERY_HIGH
PB1.Locked=true
PB1.Signal=S_TIM3_CH4
PB10.GPIOParameters=GPIO_Speed
PB10.GPIO_Speed=GPIO_SPEED_FREQ_VERY_HIGH
PB10.Locked=true
PB10.Mode=Asynchronous
PB10.Signal=USART3_TX
PB11.GPIOParameters=GPIO_Speed
PB11.GPIO_Speed=GPIO_SPEED_FREQ_VERY_HIGH
PB11.Locked=true
PB11.Mode=Asynchronous
PB11.Signal=USART3_RX
PB12.GPIOParameters=GPIO_Speed
PB12.GPIO_Speed=GPIO_SPEED_FREQ_VERY_HIGH
PB12.Locked=true
PB12.Mode=FDCAN_Activate
PB12.Signal=FDCAN2_RX
PB13.GPIOParameters=GPIO_Speed
PB13.GPIO_Speed=GPIO_SPEED_FREQ_VERY_HIGH
PB13.Mode=FDCAN_Activate
PB13.Signal=FDCAN2_TX
PB14.GPIOParameters=GPIO_Speed
PB14.GPIO_Speed=GPIO_SPEED_FREQ_VERY_HIGH
PB14.Locked=true
PB14.Mode=Asynchronous
PB14.Signal=USART1_TX
PB15.GPIOParameters=GPIO_Speed
PB15.GPIO_Speed=GPIO_SPEED_FREQ_VERY_HIGH
PB15.Locked=true
PB15.Mode=Asynchronous
PB15.Signal=USART1_RX
PB2.Locked=true
PB2.Mode=O1_P1_CLK
PB2.Signal=OCTOSPIM_P1_CLK
PB3.GPIOParameters=GPIO_Speed,GPIO_Label
PB3.GPIO_Label=M4G_RST
PB3.GPIO_Speed=GPIO_SPEED_FREQ_VERY_HIGH
PB3.Locked=true
PB3.Signal=GPIO_Output
PB4.GPIOParameters=GPIO_Speed,GPIO_Label
PB4.GPIO_Label=M4G_PWR_KEY
PB4.GPIO_Speed=GPIO_SPEED_FREQ_VERY_HIGH
PB4.Locked=true
PB4.Signal=GPIO_Output
PB5.GPIOParameters=GPIO_Label
PB5.GPIO_Label=M4G_STATUS
PB5.Locked=true
PB5.Signal=GPIO_Input
PB6.GPIOParameters=GPIO_Speed
PB6.GPIO_Speed=GPIO_SPEED_FREQ_VERY_HIGH
PB6.Locked=true
PB6.Signal=S_TIM4_CH1
PB7.GPIOParameters=GPIO_Speed
PB7.GPIO_Speed=GPIO_SPEED_FREQ_VERY_HIGH
PB7.Locked=true
PB7.Signal=S_TIM4_CH2
PB8.GPIOParameters=GPIO_Speed,GPIO_Label
PB8.GPIO_Label=LORA_RST_TX
PB8.GPIO_Speed=GPIO_SPEED_FREQ_VERY_HIGH
PB8.Locked=true
PB8.Signal=GPIO_Output
PB9.GPIOParameters=GPIO_Speed,GPIO_Label
PB9.GPIO_Label=MCU_DO2
PB9.GPIO_Speed=GPIO_SPEED_FREQ_VERY_HIGH
PB9.Locked=true
PB9.Signal=S_TIM17_CH1
PC0.GPIOParameters=GPIO_Speed,GPIO_Label
PC0.GPIO_Label=MCU_RELAY2
PC0.GPIO_Speed=GPIO_SPEED_FREQ_VERY_HIGH
PC0.Locked=true
PC0.Signal=GPIO_Output
PC10.GPIOParameters=GPIO_Speed
PC10.GPIO_Speed=GPIO_SPEED_FREQ_VERY_HIGH
PC10.Locked=true
PC10.Mode=Full_Duplex_Master
PC10.Signal=SPI3_SCK
PC11.GPIOParameters=GPIO_Speed
PC11.GPIO_Speed=GPIO_SPEED_FREQ_VERY_HIGH
PC11.Locked=true
PC11.Mode=Full_Duplex_Master
PC11.Signal=SPI3_MISO
PC12.Mode=SD_1_bit
PC12.Signal=SDMMC1_CK
PC13.GPIOParameters=GPIO_Label
PC13.GPIO_Label=RUN_LED
PC13.Locked=true
PC13.Signal=GPIO_Output
PC14-OSC32_IN.Mode=LSE-External-Oscillator
PC14-OSC32_IN.Signal=RCC_OSC32_IN
PC15-OSC32_OUT.Mode=LSE-External-Oscillator
PC15-OSC32_OUT.Signal=RCC_OSC32_OUT
PC2_C.Locked=true
PC2_C.Mode=IN0-Single-Ended
PC2_C.Signal=ADC2_INP0
PC3_C.Locked=true
PC3_C.Mode=IN1-Single-Ended
PC3_C.Signal=ADC2_INP1
PC4.Signal=ADCx_INP4
PC5.Signal=ADCx_INP8
PC6.GPIOParameters=GPIO_Speed
PC6.GPIO_Speed=GPIO_SPEED_FREQ_VERY_HIGH
PC6.Locked=true
PC6.Signal=S_TIM8_CH1
PC7.GPIOParameters=GPIO_Speed
PC7.GPIO_Speed=GPIO_SPEED_FREQ_VERY_HIGH
PC7.Locked=true
PC7.Signal=S_TIM8_CH2
PC8.Locked=true
PC8.Mode=SD_1_bit
PC8.Signal=SDMMC1_D0
PC9.GPIOParameters=GPIO_Speed,GPIO_Label
PC9.GPIO_Label=USB_CTRL
PC9.GPIO_Speed=GPIO_SPEED_FREQ_VERY_HIGH
PC9.Locked=true
PC9.Signal=GPIO_Output
PD0.GPIOParameters=GPIO_Speed
PD0.GPIO_Speed=GPIO_SPEED_FREQ_VERY_HIGH
PD0.Locked=true
PD0.Mode=FDCAN_Activate
PD0.Signal=FDCAN1_RX
PD1.GPIOParameters=GPIO_Speed
PD1.GPIO_Speed=GPIO_SPEED_FREQ_VERY_HIGH
PD1.Mode=FDCAN_Activate
PD1.Signal=FDCAN1_TX
PD10.GPIOParameters=GPIO_Label
PD10.GPIO_Label=VUSB
PD10.Locked=true
PD10.Signal=GPIO_Input
PD11.Locked=true
PD11.Mode=OCTOSPI1_IOL_Port1L
PD11.Signal=OCTOSPIM_P1_IO0
PD12.Locked=true
PD12.Mode=OCTOSPI1_IOL_Port1L
PD12.Signal=OCTOSPIM_P1_IO1
PD13.Locked=true
PD13.Mode=OCTOSPI1_IOL_Port1L
PD13.Signal=OCTOSPIM_P1_IO3
PD14.GPIOParameters=GPIO_Label
PD14.GPIO_Label=LORA_IRQ_RX
PD14.Locked=true
PD14.Signal=GPXTI14
PD15.GPIOParameters=GPIO_Label
PD15.GPIO_Label=LORA_BUSY_RX
PD15.Locked=true
PD15.Signal=GPIO_Input
PD2.Mode=SD_1_bit
PD2.Signal=SDMMC1_CMD
PD5.GPIOParameters=GPIO_Speed,GPIO_Label
PD5.GPIO_Label=LORA_CS_TX
PD5.GPIO_Speed=GPIO_SPEED_FREQ_VERY_HIGH
PD5.Locked=true
PD5.Signal=GPIO_Output
PD6.GPIOParameters=GPIO_Speed
PD6.GPIO_Speed=GPIO_SPEED_FREQ_VERY_HIGH
PD6.Locked=true
PD6.Mode=Full_Duplex_Master
PD6.Signal=SPI3_MOSI
PD8.GPIOParameters=GPIO_Label
PD8.GPIO_Label=WZ_INT
PD8.Locked=true
PD8.Signal=GPXTI8
PD9.GPIOParameters=GPIO_Speed,GPIO_Label
PD9.GPIO_Label=WZ_RST
PD9.GPIO_Speed=GPIO_SPEED_FREQ_VERY_HIGH
PD9.Locked=true
PD9.Signal=GPIO_Output
PE0.GPIOParameters=GPIO_Speed
PE0.GPIO_Speed=GPIO_SPEED_FREQ_VERY_HIGH
PE0.Mode=Asynchronous
PE0.Signal=UART8_RX
PE1.GPIOParameters=GPIO_Speed
PE1.GPIO_Speed=GPIO_SPEED_FREQ_VERY_HIGH
PE1.Mode=Asynchronous
PE1.Signal=UART8_TX
PE10.GPIOParameters=GPIO_Label
PE10.GPIO_Label=KEY
PE10.Locked=true
PE10.Signal=GPIO_Input
PE11.Locked=true
PE11.Mode=OCTOSPI1_Port1_NCS
PE11.Signal=OCTOSPIM_P1_NCS
PE12.GPIOParameters=GPIO_Speed
PE12.GPIO_Speed=GPIO_SPEED_FREQ_VERY_HIGH
PE12.Mode=Full_Duplex_Master
PE12.Signal=SPI4_SCK
PE13.GPIOParameters=GPIO_Speed
PE13.GPIO_Speed=GPIO_SPEED_FREQ_VERY_HIGH
PE13.Mode=Full_Duplex_Master
PE13.Signal=SPI4_MISO
PE14.GPIOParameters=GPIO_Speed
PE14.GPIO_Speed=GPIO_SPEED_FREQ_VERY_HIGH
PE14.Mode=Full_Duplex_Master
PE14.Signal=SPI4_MOSI
PE15.GPIOParameters=GPIO_Speed,GPIO_Label
PE15.GPIO_Label=SPI_SCS
PE15.GPIO_Speed=GPIO_SPEED_FREQ_VERY_HIGH
PE15.Locked=true
PE15.Signal=GPIO_Output
PE2.GPIOParameters=GPIO_Speed
PE2.GPIO_Speed=GPIO_SPEED_FREQ_VERY_HIGH
PE2.Mode=Asynchronous
PE2.Signal=USART10_RX
PE3.GPIOParameters=GPIO_Speed
PE3.GPIO_Speed=GPIO_SPEED_FREQ_VERY_HIGH
PE3.Mode=Asynchronous
PE3.Signal=USART10_TX
PE4.GPIOParameters=GPIO_Label
PE4.GPIO_Label=LORA_IRQ_TX
PE4.Locked=true
PE4.Signal=GPXTI4
PE5.GPIOParameters=GPIO_Speed,GPIO_Label
PE5.GPIO_Label=MCU_DO1
PE5.GPIO_Speed=GPIO_SPEED_FREQ_VERY_HIGH
PE5.Locked=true
PE5.Signal=S_TIM15_CH1
PE6.GPIOParameters=GPIO_Label
PE6.GPIO_Label=LORA_BUSY_TX
PE6.Locked=true
PE6.Signal=GPIO_Input
PE7.GPIOParameters=GPIO_Speed,GPIO_Label
PE7.GPIO_Label=MCU_RELAY1
PE7.GPIO_Speed=GPIO_SPEED_FREQ_VERY_HIGH
PE7.Locked=true
PE7.Signal=GPIO_Output
PE8.GPIOParameters=GPIO_Speed,GPIO_Label
PE8.GPIO_Label=TM_SCL
PE8.GPIO_Speed=GPIO_SPEED_FREQ_VERY_HIGH
PE8.Locked=true
PE8.Signal=GPIO_Output
PE9.GPIOParameters=GPIO_Speed,GPIO_Label
PE9.GPIO_Label=TM_SDA
PE9.GPIO_Speed=GPIO_SPEED_FREQ_VERY_HIGH
PE9.Locked=true
PE9.Signal=GPIO_Output
PH0-OSC_IN.Mode=HSE-External-Oscillator
PH0-OSC_IN.Signal=RCC_OSC_IN
PH1-OSC_OUT.Mode=HSE-External-Oscillator
PH1-OSC_OUT.Signal=RCC_OSC_OUT
PinOutPanel.RotationAngle=0
ProjectManager.AskForMigrate=true
ProjectManager.BackupPrevious=false
ProjectManager.CompilerOptimize=6
ProjectManager.ComputerToolchain=false
ProjectManager.CoupleFile=false
ProjectManager.CustomerFirmwarePackage=
ProjectManager.DefaultFWLocation=true
ProjectManager.DeletePrevious=true
ProjectManager.DeviceId=STM32H7B0VBTx
ProjectManager.FirmwarePackage=STM32Cube FW_H7 V1.11.2
ProjectManager.FreePins=false
ProjectManager.HalAssertFull=false
ProjectManager.HeapSize=0x200
ProjectManager.KeepUserCode=true
ProjectManager.LastFirmware=true
ProjectManager.LibraryCopy=0
ProjectManager.MainLocation=Core/Src
ProjectManager.NoMain=false
ProjectManager.PreviousToolchain=
ProjectManager.ProjectBuild=false
ProjectManager.ProjectFileName=CubeMX_Config.ioc
ProjectManager.ProjectName=CubeMX_Config
ProjectManager.ProjectStructure=
ProjectManager.RegisterCallBack=
ProjectManager.StackSize=0x400
ProjectManager.TargetToolchain=MDK-ARM V5.27
ProjectManager.ToolChainLocation=
ProjectManager.UAScriptAfterPath=
ProjectManager.UAScriptBeforePath=
ProjectManager.UnderRoot=false
ProjectManager.functionlistsort=1-MX_GPIO_Init-GPIO-false-HAL-true,2-SystemClock_Config-RCC-false-HAL-false,3-MX_DMA_Init-DMA-false-HAL-true,4-MX_ADC1_Init-ADC1-false-HAL-true,5-MX_LPTIM1_Init-LPTIM1-false-HAL-true,6-MX_OCTOSPI1_Init-OCTOSPI1-false-HAL-true,7-MX_USART1_UART_Init-USART1-false-HAL-true,8-MX_RTC_Init-RTC-false-HAL-true,9-MX_UART4_Init-UART4-false-HAL-true,10-MX_USART2_UART_Init-USART2-false-HAL-true,11-MX_SPI3_Init-SPI3-false-HAL-true,12-MX_ADC2_Init-ADC2-false-HAL-true,13-MX_FDCAN1_Init-FDCAN1-false-HAL-true,14-MX_FDCAN2_Init-FDCAN2-false-HAL-true,15-MX_SPI4_Init-SPI4-false-HAL-true,16-MX_TIM3_Init-TIM3-false-HAL-true,17-MX_TIM4_Init-TIM4-false-HAL-true,18-MX_TIM8_Init-TIM8-false-HAL-true,19-MX_TIM13_Init-TIM13-false-HAL-true,20-MX_TIM15_Init-TIM15-false-HAL-true,21-MX_TIM17_Init-TIM17-false-HAL-true,22-MX_UART8_Init-UART8-false-HAL-true,23-MX_USART3_UART_Init-USART3-false-HAL-true,24-MX_USART10_UART_Init-USART10-false-HAL-true,25-MX_USB_OTG_HS_PCD_Init-USB_OTG_HS-false-HAL-true,26-MX_IWDG1_Init-IWDG1-false-HAL-true,27-MX_RNG_Init-RNG-false-HAL-true,28-MX_SDMMC1_SD_Init-SDMMC1-false-HAL-true,29-MX_TIM2_Init-TIM2-false-HAL-true,0-MX_CORTEX_M7_Init-CORTEX_M7-false-HAL-true
RCC.ADCFreq_Value=280000000
RCC.AHB12Freq_Value=280000000
RCC.AHB4Freq_Value=280000000
RCC.APB1Freq_Value=140000000
RCC.APB2Freq_Value=140000000
RCC.APB3Freq_Value=140000000
RCC.APB4Freq_Value=140000000
RCC.AXIClockFreq_Value=280000000
RCC.CDCPREFreq_Value=280000000
RCC.CDPPRE=RCC_APB3_DIV2
RCC.CDPPRE1=RCC_APB1_DIV2
RCC.CDPPRE2=RCC_APB2_DIV2
RCC.CECFreq_Value=32000
RCC.CKPERFreq_Value=64000000
RCC.CortexFreq_Value=280000000
RCC.CpuClockFreq_Value=280000000
RCC.DAC1Freq_Value=32000
RCC.DAC2Freq_Value=32000
RCC.DFSDM2ACLkFreq_Value=140000000
RCC.DFSDM2Freq_Value=140000000
RCC.DFSDMACLkFreq_Value=280000000
RCC.DFSDMFreq_Value=140000000
RCC.DIVM1=5
RCC.DIVM2=5
RCC.DIVM3=25
RCC.DIVN1=112
RCC.DIVN2=112
RCC.DIVN3=240
RCC.DIVP1Freq_Value=280000000
RCC.DIVP2Freq_Value=280000000
RCC.DIVP3Freq_Value=120000000
RCC.DIVQ1Freq_Value=280000000
RCC.DIVQ2Freq_Value=280000000
RCC.DIVQ3=5
RCC.DIVQ3Freq_Value=48000000
RCC.DIVR1Freq_Value=280000000
RCC.DIVR2Freq_Value=280000000
RCC.DIVR3Freq_Value=120000000
RCC.FDCANFreq_Value=280000000
RCC.FMCFreq_Value=280000000
RCC.FamilyName=M
RCC.HCLK3ClockFreq_Value=280000000
RCC.HCLKFreq_Value=280000000
RCC.HSE_VALUE=25000000
RCC.I2C123Freq_Value=140000000
RCC.I2C4Freq_Value=140000000
RCC.IPParameters=ADCFreq_Value,AHB12Freq_Value,AHB4Freq_Value,APB1Freq_Value,APB2Freq_Value,APB3Freq_Value,APB4Freq_Value,AXIClockFreq_Value,CDCPREFreq_Value,CDPPRE,CDPPRE1,CDPPRE2,CECFreq_Value,CKPERFreq_Value,CortexFreq_Value,CpuClockFreq_Value,DAC1Freq_Value,DAC2Freq_Value,DFSDM2ACLkFreq_Value,DFSDM2Freq_Value,DFSDMACLkFreq_Value,DFSDMFreq_Value,DIVM1,DIVM2,DIVM3,DIVN1,DIVN2,DIVN3,DIVP1Freq_Value,DIVP2Freq_Value,DIVP3Freq_Value,DIVQ1Freq_Value,DIVQ2Freq_Value,DIVQ3,DIVQ3Freq_Value,DIVR1Freq_Value,DIVR2Freq_Value,DIVR3Freq_Value,FDCANFreq_Value,FMCFreq_Value,FamilyName,HCLK3ClockFreq_Value,HCLKFreq_Value,HSE_VALUE,I2C123Freq_Value,I2C4Freq_Value,LPTIM1Freq_Value,LPTIM2Freq_Value,LPTIM345Freq_Value,LPUART1Freq_Value,LTDCFreq_Value,MCO1PinFreq_Value,MCO2PinFreq_Value,PLL2_VCI_Range-AdvancedSettings,PLL3_VCI_Range-AdvancedSettings,PLL3_VCO_SEL-AdvancedSettings,PLLSourceVirtual,QSPIFreq_Value,RNGCLockSelection,RNGFreq_Value,RTCClockSelection,RTCFreq_Value,SAI1Freq_Value,SAI2AFreq_Value,SAI2BFreq_Value,SDMMCFreq_Value,SPDIFRXFreq_Value,SPI123Freq_Value,SPI45Freq_Value,SPI6Freq_Value,SRDPPRE,SWPMI1Freq_Value,SYSCLKFreq_VALUE,SYSCLKSource,Tim1OutputFreq_Value,Tim2OutputFreq_Value,TraceFreq_Value,USART16Freq_Value,USART234578Freq_Value,USBCLockSelection,USBFreq_Value,VCO1OutputFreq_Value,VCO2OutputFreq_Value,VCO3OutputFreq_Value,VCOInput1Freq_Value,VCOInput2Freq_Value,VCOInput3Freq_Value
RCC.LPTIM1Freq_Value=140000000
RCC.LPTIM2Freq_Value=140000000
RCC.LPTIM345Freq_Value=140000000
RCC.LPUART1Freq_Value=140000000
RCC.LTDCFreq_Value=120000000
RCC.MCO1PinFreq_Value=64000000
RCC.MCO2PinFreq_Value=280000000
RCC.PLL2_VCI_Range-AdvancedSettings=RCC_PLL2VCIRANGE_0
RCC.PLL3_VCI_Range-AdvancedSettings=RCC_PLL3VCIRANGE_3
RCC.PLL3_VCO_SEL-AdvancedSettings=RCC_PLL3VCOWIDE
RCC.PLLSourceVirtual=RCC_PLLSOURCE_HSE
RCC.QSPIFreq_Value=280000000
RCC.RNGCLockSelection=RCC_RNGCLKSOURCE_PLL
RCC.RNGFreq_Value=280000000
RCC.RTCClockSelection=RCC_RTCCLKSOURCE_LSE
RCC.RTCFreq_Value=32768
RCC.SAI1Freq_Value=280000000
RCC.SAI2AFreq_Value=280000000
RCC.SAI2BFreq_Value=280000000
RCC.SDMMCFreq_Value=280000000
RCC.SPDIFRXFreq_Value=280000000
RCC.SPI123Freq_Value=280000000
RCC.SPI45Freq_Value=140000000
RCC.SPI6Freq_Value=140000000
RCC.SRDPPRE=RCC_APB4_DIV2
RCC.SWPMI1Freq_Value=140000000
RCC.SYSCLKFreq_VALUE=280000000
RCC.SYSCLKSource=RCC_SYSCLKSOURCE_PLLCLK
RCC.Tim1OutputFreq_Value=280000000
RCC.Tim2OutputFreq_Value=280000000
RCC.TraceFreq_Value=280000000
RCC.USART16Freq_Value=140000000
RCC.USART234578Freq_Value=140000000
RCC.USBCLockSelection=RCC_USBCLKSOURCE_PLL3
RCC.USBFreq_Value=48000000
RCC.VCO1OutputFreq_Value=560000000
RCC.VCO2OutputFreq_Value=560000000
RCC.VCO3OutputFreq_Value=240000000
RCC.VCOInput1Freq_Value=5000000
RCC.VCOInput2Freq_Value=5000000
RCC.VCOInput3Freq_Value=1000000
SH.ADCx_INP19.0=ADC1_INP19,IN19-Single-Ended
SH.ADCx_INP19.ConfNb=1
SH.ADCx_INP4.0=ADC1_INP4,IN4-Single-Ended
SH.ADCx_INP4.ConfNb=1
SH.ADCx_INP8.0=ADC1_INP8,IN8-Single-Ended
SH.ADCx_INP8.ConfNb=1
SH.ADCx_INP9.0=ADC1_INP9,IN9-Single-Ended
SH.ADCx_INP9.ConfNb=1
SH.GPXTI10.0=GPIO_EXTI10
SH.GPXTI10.ConfNb=1
SH.GPXTI14.0=GPIO_EXTI14
SH.GPXTI14.ConfNb=1
SH.GPXTI4.0=GPIO_EXTI4
SH.GPXTI4.ConfNb=1
SH.GPXTI8.0=GPIO_EXTI8
SH.GPXTI8.ConfNb=1
SH.S_TIM13_CH1.0=TIM13_CH1,PWM Generation1 CH1
SH.S_TIM13_CH1.ConfNb=1
SH.S_TIM15_CH1.0=TIM15_CH1,PWM Generation1 CH1
SH.S_TIM15_CH1.ConfNb=1
SH.S_TIM17_CH1.0=TIM17_CH1,PWM Generation1 CH1
SH.S_TIM17_CH1.ConfNb=1
SH.S_TIM3_CH4.0=TIM3_CH4,PWM Generation4 CH4
SH.S_TIM3_CH4.ConfNb=1
SH.S_TIM4_CH1.0=TIM4_CH1,Encoder_Interface
SH.S_TIM4_CH1.ConfNb=1
SH.S_TIM4_CH2.0=TIM4_CH2,Encoder_Interface
SH.S_TIM4_CH2.ConfNb=1
SH.S_TIM8_CH1.0=TIM8_CH1,Encoder_Interface
SH.S_TIM8_CH1.ConfNb=1
SH.S_TIM8_CH2.0=TIM8_CH2,Encoder_Interface
SH.S_TIM8_CH2.ConfNb=1
SPI3.CalculateBaudRate=140.0 MBits/s
SPI3.Direction=SPI_DIRECTION_2LINES
SPI3.IPParameters=VirtualType,Mode,Direction,CalculateBaudRate
SPI3.Mode=SPI_MODE_MASTER
SPI3.VirtualType=VM_MASTER
SPI4.CalculateBaudRate=70.0 MBits/s
SPI4.Direction=SPI_DIRECTION_2LINES
SPI4.IPParameters=VirtualType,Mode,Direction,CalculateBaudRate
SPI4.Mode=SPI_MODE_MASTER
SPI4.VirtualType=VM_MASTER
TIM13.Channel=TIM_CHANNEL_1
TIM13.IPParameters=Channel
TIM15.Channel-PWM\ Generation1\ CH1=TIM_CHANNEL_1
TIM15.IPParameters=Channel-PWM Generation1 CH1
TIM17.Channel=TIM_CHANNEL_1
TIM17.IPParameters=Channel
TIM2.IPParameters=Period
TIM2.Period=TIM_PERIOD_VALUE
TIM3.Channel-PWM\ Generation4\ CH4=TIM_CHANNEL_4
TIM3.IPParameters=Channel-PWM Generation4 CH4
USART1.IPParameters=VirtualMode-Asynchronous
USART1.VirtualMode-Asynchronous=VM_ASYNC
USART10.IPParameters=VirtualMode
USART10.VirtualMode=VM_ASYNC
USART2.IPParameters=VirtualMode-Asynchronous
USART2.VirtualMode-Asynchronous=VM_ASYNC
USART3.IPParameters=VirtualMode-Asynchronous
USART3.VirtualMode-Asynchronous=VM_ASYNC
USB_OTG_HS.IPParameters=VirtualMode-Device_Only_FS
USB_OTG_HS.VirtualMode-Device_Only_FS=Device_Only_FS
VP_IWDG1_VS_IWDG.Mode=IWDG_Activate
VP_IWDG1_VS_IWDG.Signal=IWDG1_VS_IWDG
VP_LPTIM1_VS_LPTIM_counterModeInternalClock.Mode=Counts__internal_clock_event_00
VP_LPTIM1_VS_LPTIM_counterModeInternalClock.Signal=LPTIM1_VS_LPTIM_counterModeInternalClock
VP_OCTOSPI1_VS_quad.Mode=quad_mode
VP_OCTOSPI1_VS_quad.Signal=OCTOSPI1_VS_quad
VP_RNG_VS_RNG.Mode=RNG_Activate
VP_RNG_VS_RNG.Signal=RNG_VS_RNG
VP_RTC_VS_RTC_Activate.Mode=RTC_Enabled
VP_RTC_VS_RTC_Activate.Signal=RTC_VS_RTC_Activate
VP_SYS_VS_Systick.Mode=SysTick
VP_SYS_VS_Systick.Signal=SYS_VS_Systick
VP_TIM13_VS_ClockSourceINT.Mode=Enable_Timer
VP_TIM13_VS_ClockSourceINT.Signal=TIM13_VS_ClockSourceINT
VP_TIM17_VS_ClockSourceINT.Mode=Enable_Timer
VP_TIM17_VS_ClockSourceINT.Signal=TIM17_VS_ClockSourceINT
VP_TIM2_VS_ClockSourceINT.Mode=Internal
VP_TIM2_VS_ClockSourceINT.Signal=TIM2_VS_ClockSourceINT
board=custom
